
Microsoft Visual Studio Solution File, Format Version 12.00
# Visual Studio 15
VisualStudioVersion = 15.0.27130.2020
MinimumVisualStudioVersion = 10.0.40219.1
Project("{FAE04EC0-301F-11D3-BF4B-00C04F79EFBC}") = "G.F. ProductionDB", "ProductionDB\G.F. ProductionDB.csproj", "{3AEC313B-F63B-4889-8609-C1253D5D646E}"
EndProject
Project("{FAE04EC0-301F-11D3-BF4B-00C04F79EFBC}") = "AddNewDoll", "AddNewDoll\AddNewDoll.csproj", "{C4D69B7F-D043-4D8E-9E98-48D01C21A11C}"
EndProject
Global
	GlobalSection(SolutionConfigurationPlatforms) = preSolution
		Debug|Any CPU = Debug|Any CPU
		Release|Any CPU = Release|Any CPU
	EndGlobalSection
	GlobalSection(ProjectConfigurationPlatforms) = postSolution
		{3AEC313B-F63B-4889-8609-C1253D5D646E}.Debug|Any CPU.ActiveCfg = Debug|Any CPU
		{3AEC313B-F63B-4889-8609-C1253D5D646E}.Debug|Any CPU.Build.0 = Debug|Any CPU
		{3AEC313B-F63B-4889-8609-C1253D5D646E}.Release|Any CPU.ActiveCfg = Release|Any CPU
		{3AEC313B-F63B-4889-8609-C1253D5D646E}.Release|Any CPU.Build.0 = Release|Any CPU
		{C4D69B7F-D043-4D8E-9E98-48D01C21A11C}.Debug|Any CPU.ActiveCfg = Debug|Any CPU
		{C4D69B7F-D043-4D8E-9E98-48D01C21A11C}.Debug|Any CPU.Build.0 = Debug|Any CPU
		{C4D69B7F-D043-4D8E-9E98-48D01C21A11C}.Release|Any CPU.ActiveCfg = Release|Any CPU
		{C4D69B7F-D043-4D8E-9E98-48D01C21A11C}.Release|Any CPU.Build.0 = Release|Any CPU
	EndGlobalSection
	GlobalSection(SolutionProperties) = preSolution
		HideSolutionNode = FALSE
	EndGlobalSection
	GlobalSection(ExtensibilityGlobals) = postSolution
		SolutionGuid = {E9E2C260-BBE6-4592-B539-8147464A8E14}
	EndGlobalSection
EndGlobal
